<?xml version="1.0" encoding="utf-8"?>
<Project ToolsVersion="4.0" xmlns="http://schemas.microsoft.com/developer/msbuild/2003">
  <ItemGroup>
    <Filter Include="Source Files">
      <UniqueIdentifier>{4FC737F1-C7A5-4376-A066-2A32D752A2FF}</UniqueIdentifier>
      <Extensions>cpp;c;cc;cxx;c++;cppm;ixx;def;odl;idl;hpj;bat;asm;asmx</Extensions>
    </Filter>
    <Filter Include="Resource Files">
      <UniqueIdentifier>{67DA6AB6-F800-4c08-8B7A-83BB121AAD01}</UniqueIdentifier>
      <Extensions>rc;ico;cur;bmp;dlg;rc2;rct;bin;rgs;gif;jpg;jpeg;jpe;resx;tiff;tif;png;wav;mfcribbon-ms</Extensions>
    </Filter>
    <Filter Include="Header Files">
      <UniqueIdentifier>{93995380-89BD-4b04-88EB-625FBE52EBFB}</UniqueIdentifier>
      <Extensions>h;hh;hpp;hxx;h++;hm;inl;inc;ipp;xsd</Extensions>
    </Filter>
    <Filter Include="Header Files\API">
      <UniqueIdentifier>{b64197eb-b2ae-4725-bf3c-7e75422aee64}</UniqueIdentifier>
    </Filter>
    <Filter Include="Header Files\API\Gates">
      <UniqueIdentifier>{f0ea86c8-e3f5-4bd9-aaf5-afa878529601}</UniqueIdentifier>
    </Filter>
    <Filter Include="Header Files\API\Generic">
      <UniqueIdentifier>{8215bc7c-66a8-464e-b326-c6b060bc66ab}</UniqueIdentifier>
    </Filter>
    <Filter Include="Source Files\API">
      <UniqueIdentifier>{07b35ea7-a419-4921-bcb2-0f06cb803ef1}</UniqueIdentifier>
    </Filter>
    <Filter Include="Source Files\API\Gates">
      <UniqueIdentifier>{2956b643-0e1c-4d29-8b75-62060f489ff4}</UniqueIdentifier>
    </Filter>
    <Filter Include="Source Files\API\Generic">
      <UniqueIdentifier>{858d65ce-588f-4695-91c2-24d3c307db4e}</UniqueIdentifier>
    </Filter>
    <Filter Include="Header Files\API\Parser">
      <UniqueIdentifier>{976641e6-a5ba-40b6-a462-997e0b175771}</UniqueIdentifier>
    </Filter>
    <Filter Include="Source Files\API\Parser">
      <UniqueIdentifier>{23e31646-dae1-4f89-a064-32177ee62265}</UniqueIdentifier>
    </Filter>
    <Filter Include="Source Files\TB">
      <UniqueIdentifier>{d27e8732-3443-42ba-a47a-3e4687cf92d3}</UniqueIdentifier>
    </Filter>
    <Filter Include="Resource Files\TB">
      <UniqueIdentifier>{2b212b5f-6968-4e8a-abb6-f4b31416bbc3}</UniqueIdentifier>
    </Filter>
    <Filter Include="Resource Files\TB\Lexer">
      <UniqueIdentifier>{0a1d9910-02f6-45e1-95a5-55f289203456}</UniqueIdentifier>
    </Filter>
    <Filter Include="Source Files\API\Parser\DOT">
      <UniqueIdentifier>{32405296-1b3c-40da-b769-321f7b348e39}</UniqueIdentifier>
    </Filter>
    <Filter Include="Header Files\API\Parser\DOT">
      <UniqueIdentifier>{cf776d5e-d505-4dad-9bad-bcbec01baba1}</UniqueIdentifier>
    </Filter>
  </ItemGroup>
  <ItemGroup>
    <ClInclude Include="NamedClass.h">
      <Filter>Header Files\API\Generic</Filter>
    </ClInclude>
    <ClInclude Include="NetGraph.h">
      <Filter>Header Files\API\Generic</Filter>
    </ClInclude>
    <ClInclude Include="LogicState.h">
      <Filter>Header Files\API\Gates</Filter>
    </ClInclude>
    <ClInclude Include="GenericGate.h">
      <Filter>Header Files\API\Gates</Filter>
    </ClInclude>
    <ClInclude Include="DefaultGates.h">
      <Filter>Header Files\API\Gates</Filter>
    </ClInclude>
    <ClInclude Include="TB_Central.h">
      <Filter>Header Files</Filter>
    </ClInclude>
    <ClInclude Include="Lexer.h">
      <Filter>Header Files\API\Parser</Filter>
    </ClInclude>
    <ClInclude Include="Parser_DOT.h">
      <Filter>Header Files\API\Parser\DOT</Filter>
    </ClInclude>
    <ClInclude Include="NamedNetGraph.h">
      <Filter>Header Files\API\Generic</Filter>
    </ClInclude>
  </ItemGroup>
  <ItemGroup>
    <ClCompile Include="DefaultGates.cpp">
      <Filter>Source Files\API\Gates</Filter>
    </ClCompile>
    <ClCompile Include="LogicState.cpp">
      <Filter>Source Files\API\Gates</Filter>
    </ClCompile>
    <ClCompile Include="TB_Central.cpp">
      <Filter>Source Files</Filter>
    </ClCompile>
    <ClCompile Include="Lexer.cpp">
      <Filter>Source Files\API\Parser</Filter>
    </ClCompile>
    <ClCompile Include="TB_DefaultGates.cpp">
      <Filter>Source Files\TB</Filter>
    </ClCompile>
    <ClCompile Include="TB_Lexer.cpp">
      <Filter>Source Files\TB</Filter>
    </ClCompile>
    <ClCompile Include="TB_MultiGates.cpp">
      <Filter>Source Files\TB</Filter>
    </ClCompile>
    <ClCompile Include="Parser_DOT.cpp">
      <Filter>Source Files\API\Parser\DOT</Filter>
    </ClCompile>
    <ClCompile Include="TB_DotParser.cpp">
      <Filter>Source Files\TB</Filter>
    </ClCompile>
    <ClCompile Include="GenericGates.cpp">
      <Filter>Source Files\API\Gates</Filter>
    </ClCompile>
  </ItemGroup>
  <ItemGroup>
    <None Include="DOT_TB0.dot">
      <Filter>Resource Files\TB\Lexer</Filter>
    </None>
    <None Include="DOT_TB1.dot">
      <Filter>Resource Files\TB\Lexer</Filter>
    </None>
  </ItemGroup>
  <ItemGroup>
    <Text Include="TODO.txt">
      <Filter>Resource Files</Filter>
    </Text>
  </ItemGroup>
</Project>